// !$*UTF8*$!
{
	archiveVersion = 1;
	classes = {
	};
	objectVersion = 46;
	objects = {

/* Begin PBXBuildFile section */
		3B2A7F5E1F5FDCB800D0A03E /* main.swift in Sources */ = {isa = PBXBuildFile; fileRef = 3B2A7F5D1F5FDCB800D0A03E /* main.swift */; };
		3B2A7F651F5FDE4900D0A03E /* myint.swift in Sources */ = {isa = PBXBuildFile; fileRef = 3B2A7F641F5FDE4900D0A03E /* myint.swift */; };
		3B2A7F671F5FE1CB00D0A03E /* myary.swift in Sources */ = {isa = PBXBuildFile; fileRef = 3B2A7F661F5FE1CB00D0A03E /* myary.swift */; };
		3B2A7F6B1F60F2B900D0A03E /* myary2.swift in Sources */ = {isa = PBXBuildFile; fileRef = 3B2A7F6A1F60F2B900D0A03E /* myary2.swift */; };
		3B2A7F6D1F6224FD00D0A03E /* poker.swift in Sources */ = {isa = PBXBuildFile; fileRef = 3B2A7F6C1F6224FD00D0A03E /* poker.swift */; };
		3B2A7F6F1F623EEE00D0A03E /* mystr.swift in Sources */ = {isa = PBXBuildFile; fileRef = 3B2A7F6E1F623EEE00D0A03E /* mystr.swift */; };
		3BAB87641F66251F009AF9E3 /* mytuple.swift in Sources */ = {isa = PBXBuildFile; fileRef = 3BAB87631F66251F009AF9E3 /* mytuple.swift */; };
		3BAB87661F662934009AF9E3 /* myset.swift in Sources */ = {isa = PBXBuildFile; fileRef = 3BAB87651F662934009AF9E3 /* myset.swift */; };
		3BAB87681F66350A009AF9E3 /* mydic.swift in Sources */ = {isa = PBXBuildFile; fileRef = 3BAB87671F66350A009AF9E3 /* mydic.swift */; };
		3BAB87A21F676B8B009AF9E3 /* loop.swift in Sources */ = {isa = PBXBuildFile; fileRef = 3BAB87A11F676B8B009AF9E3 /* loop.swift */; };
		3BAB87A41F677452009AF9E3 /* switch.swift in Sources */ = {isa = PBXBuildFile; fileRef = 3BAB87A31F677452009AF9E3 /* switch.swift */; };
/* End PBXBuildFile section */

/* Begin PBXCopyFilesBuildPhase section */
		3B2A7F581F5FDCB800D0A03E /* CopyFiles */ = {
			isa = PBXCopyFilesBuildPhase;
			buildActionMask = 2147483647;
			dstPath = /usr/share/man/man1/;
			dstSubfolderSpec = 0;
			files = (
			);
			runOnlyForDeploymentPostprocessing = 1;
		};
/* End PBXCopyFilesBuildPhase section */

/* Begin PBXFileReference section */
		3B2A7F5A1F5FDCB800D0A03E /* Myswift05 */ = {isa = PBXFileReference; explicitFileType = "compiled.mach-o.executable"; includeInIndex = 0; path = Myswift05; sourceTree = BUILT_PRODUCTS_DIR; };
		3B2A7F5D1F5FDCB800D0A03E /* main.swift */ = {isa = PBXFileReference; lastKnownFileType = sourcecode.swift; path = main.swift; sourceTree = "<group>"; };
		3B2A7F641F5FDE4900D0A03E /* myint.swift */ = {isa = PBXFileReference; fileEncoding = 4; lastKnownFileType = sourcecode.swift; path = myint.swift; sourceTree = "<group>"; };
		3B2A7F661F5FE1CB00D0A03E /* myary.swift */ = {isa = PBXFileReference; fileEncoding = 4; lastKnownFileType = sourcecode.swift; path = myary.swift; sourceTree = "<group>"; };
		3B2A7F6A1F60F2B900D0A03E /* myary2.swift */ = {isa = PBXFileReference; fileEncoding = 4; lastKnownFileType = sourcecode.swift; path = myary2.swift; sourceTree = "<group>"; };
		3B2A7F6C1F6224FD00D0A03E /* poker.swift */ = {isa = PBXFileReference; fileEncoding = 4; lastKnownFileType = sourcecode.swift; path = "\bpoker.swift"; sourceTree = "<group>"; };
		3B2A7F6E1F623EEE00D0A03E /* mystr.swift */ = {isa = PBXFileReference; fileEncoding = 4; lastKnownFileType = sourcecode.swift; path = mystr.swift; sourceTree = "<group>"; };
		3BAB87631F66251F009AF9E3 /* mytuple.swift */ = {isa = PBXFileReference; fileEncoding = 4; lastKnownFileType = sourcecode.swift; path = mytuple.swift; sourceTree = "<group>"; };
		3BAB87651F662934009AF9E3 /* myset.swift */ = {isa = PBXFileReference; fileEncoding = 4; lastKnownFileType = sourcecode.swift; path = myset.swift; sourceTree = "<group>"; };
		3BAB87671F66350A009AF9E3 /* mydic.swift */ = {isa = PBXFileReference; fileEncoding = 4; lastKnownFileType = sourcecode.swift; path = mydic.swift; sourceTree = "<group>"; };
		3BAB87A11F676B8B009AF9E3 /* loop.swift */ = {isa = PBXFileReference; fileEncoding = 4; lastKnownFileType = sourcecode.swift; path = loop.swift; sourceTree = "<group>"; };
		3BAB87A31F677452009AF9E3 /* switch.swift */ = {isa = PBXFileReference; fileEncoding = 4; lastKnownFileType = sourcecode.swift; path = switch.swift; sourceTree = "<group>"; };
/* End PBXFileReference section */

/* Begin PBXFrameworksBuildPhase section */
		3B2A7F571F5FDCB800D0A03E /* Frameworks */ = {
			isa = PBXFrameworksBuildPhase;
			buildActionMask = 2147483647;
			files = (
			);
			runOnlyForDeploymentPostprocessing = 0;
		};
/* End PBXFrameworksBuildPhase section */

/* Begin PBXGroup section */
		3B2A7F511F5FDCB800D0A03E = {
			isa = PBXGroup;
			children = (
				3B2A7F5C1F5FDCB800D0A03E /* Myswift05 */,
				3B2A7F5B1F5FDCB800D0A03E /* Products */,
			);
			sourceTree = "<group>";
		};
		3B2A7F5B1F5FDCB800D0A03E /* Products */ = {
			isa = PBXGroup;
			children = (
				3B2A7F5A1F5FDCB800D0A03E /* Myswift05 */,
			);
			name = Products;
			sourceTree = "<group>";
		};
		3B2A7F5C1F5FDCB800D0A03E /* Myswift05 */ = {
			isa = PBXGroup;
			children = (
				3B2A7F5D1F5FDCB800D0A03E /* main.swift */,
				3B2A7F641F5FDE4900D0A03E /* myint.swift */,
				3B2A7F661F5FE1CB00D0A03E /* myary.swift */,
				3B2A7F6A1F60F2B900D0A03E /* myary2.swift */,
				3B2A7F6C1F6224FD00D0A03E /* poker.swift */,
				3B2A7F6E1F623EEE00D0A03E /* mystr.swift */,
				3BAB87631F66251F009AF9E3 /* mytuple.swift */,
				3BAB87651F662934009AF9E3 /* myset.swift */,
				3BAB87671F66350A009AF9E3 /* mydic.swift */,
				3BAB87A11F676B8B009AF9E3 /* loop.swift */,
				3BAB87A31F677452009AF9E3 /* switch.swift */,
			);
			path = Myswift05;
			sourceTree = "<group>";
		};
/* End PBXGroup section */

/* Begin PBXNativeTarget section */
		3B2A7F591F5FDCB800D0A03E /* Myswift05 */ = {
			isa = PBXNativeTarget;
			buildConfigurationList = 3B2A7F611F5FDCB800D0A03E /* Build configuration list for PBXNativeTarget "Myswift05" */;
			buildPhases = (
				3B2A7F561F5FDCB800D0A03E /* Sources */,
				3B2A7F571F5FDCB800D0A03E /* Frameworks */,
				3B2A7F581F5FDCB800D0A03E /* CopyFiles */,
			);
			buildRules = (
			);
			dependencies = (
			);
			name = Myswift05;
			productName = Myswift05;
			productReference = 3B2A7F5A1F5FDCB800D0A03E /* Myswift05 */;
			productType = "com.apple.product-type.tool";
		};
/* End PBXNativeTarget section */

/* Begin PBXProject section */
		3B2A7F521F5FDCB800D0A03E /* Project object */ = {
			isa = PBXProject;
			attributes = {
				LastSwiftUpdateCheck = 0830;
				LastUpgradeCheck = 0830;
				ORGANIZATIONNAME = "Yvonne Big";
				TargetAttributes = {
					3B2A7F591F5FDCB800D0A03E = {
						CreatedOnToolsVersion = 8.3.3;
						DevelopmentTeam = V7H8K47FXT;
						ProvisioningStyle = Automatic;
					};
				};
			};
			buildConfigurationList = 3B2A7F551F5FDCB800D0A03E /* Build configuration list for PBXProject "Myswift05" */;
			compatibilityVersion = "Xcode 3.2";
			developmentRegion = English;
			hasScannedForEncodings = 0;
			knownRegions = (
				en,
			);
			mainGroup = 3B2A7F511F5FDCB800D0A03E;
			productRefGroup = 3B2A7F5B1F5FDCB800D0A03E /* Products */;
			projectDirPath = "";
			projectRoot = "";
			targets = (
				3B2A7F591F5FDCB800D0A03E /* Myswift05 */,
			);
		};
/* End PBXProject section */

/* Begin PBXSourcesBuildPhase section */
		3B2A7F561F5FDCB800D0A03E /* Sources */ = {
			isa = PBXSourcesBuildPhase;
			buildActionMask = 2147483647;
			files = (
				3BAB87661F662934009AF9E3 /* myset.swift in Sources */,
				3B2A7F671F5FE1CB00D0A03E /* myary.swift in Sources */,
				3BAB87641F66251F009AF9E3 /* mytuple.swift in Sources */,
				3B2A7F6D1F6224FD00D0A03E /* poker.swift in Sources */,
				3B2A7F5E1F5FDCB800D0A03E /* main.swift in Sources */,
				3B2A7F651F5FDE4900D0A03E /* myint.swift in Sources */,
				3B2A7F6B1F60F2B900D0A03E /* myary2.swift in Sources */,
				3BAB87A21F676B8B009AF9E3 /* loop.swift in Sources */,
				3BAB87A41F677452009AF9E3 /* switch.swift in Sources */,
				3B2A7F6F1F623EEE00D0A03E /* mystr.swift in Sources */,
				3BAB87681F66350A009AF9E3 /* mydic.swift in Sources */,
			);
			runOnlyForDeploymentPostprocessing = 0;
		};
/* End PBXSourcesBuildPhase section */

/* Begin XCBuildConfiguration section */
		3B2A7F5F1F5FDCB800D0A03E /* Debug */ = {
			isa = XCBuildConfiguration;
			buildSettings = {
				ALWAYS_SEARCH_USER_PATHS = NO;
				CLANG_ANALYZER_NONNULL = YES;
				CLANG_ANALYZER_NUMBER_OBJECT_CONVERSION = YES_AGGRESSIVE;
				CLANG_CXX_LANGUAGE_STANDARD = "gnu++0x";
				CLANG_CXX_LIBRARY = "libc++";
				CLANG_ENABLE_MODULES = YES;
				CLANG_ENABLE_OBJC_ARC = YES;
				CLANG_WARN_BOOL_CONVERSION = YES;
				CLANG_WARN_CONSTANT_CONVERSION = YES;
				CLANG_WARN_DIRECT_OBJC_ISA_USAGE = YES_ERROR;
				CLANG_WARN_DOCUMENTATION_COMMENTS = YES;
				CLANG_WARN_EMPTY_BODY = YES;
				CLANG_WARN_ENUM_CONVERSION = YES;
				CLANG_WARN_INFINITE_RECURSION = YES;
				CLANG_WARN_INT_CONVERSION = YES;
				CLANG_WARN_OBJC_ROOT_CLASS = YES_ERROR;
				CLANG_WARN_SUSPICIOUS_MOVE = YES;
				CLANG_WARN_UNREACHABLE_CODE = YES;
				CLANG_WARN__DUPLICATE_METHOD_MATCH = YES;
				CODE_SIGN_IDENTITY = "-";
				COPY_PHASE_STRIP = NO;
				DEBUG_INFORMATION_FORMAT = dwarf;
				ENABLE_STRICT_OBJC_MSGSEND = YES;
				ENABLE_TESTABILITY = YES;
				GCC_C_LANGUAGE_STANDARD = gnu99;
				GCC_DYNAMIC_NO_PIC = NO;
				GCC_NO_COMMON_BLOCKS = YES;
				GCC_OPTIMIZATION_LEVEL = 0;
				GCC_PREPROCESSOR_DEFINITIONS = (
					"DEBUG=1",
					"$(inherited)",
				);
				GCC_WARN_64_TO_32_BIT_CONVERSION = YES;
				GCC_WARN_ABOUT_RETURN_TYPE = YES_ERROR;
				GCC_WARN_UNDECLARED_SELECTOR = YES;
				GCC_WARN_UNINITIALIZED_AUTOS = YES_AGGRESSIVE;
				GCC_WARN_UNUSED_FUNCTION = YES;
				GCC_WARN_UNUSED_VARIABLE = YES;
				MACOSX_DEPLOYMENT_TARGET = 10.12;
				MTL_ENABLE_DEBUG_INFO = YES;
				ONLY_ACTIVE_ARCH = YES;
				SDKROOT = macosx;
				SWIFT_OPTIMIZATION_LEVEL = "-Onone";
			};
			name = Debug;
		};
		3B2A7F601F5FDCB800D0A03E /* Release */ = {
			isa = XCBuildConfiguration;
			buildSettings = {
				ALWAYS_SEARCH_USER_PATHS = NO;
				CLANG_ANALYZER_NONNULL = YES;
				CLANG_ANALYZER_NUMBER_OBJECT_CONVERSION = YES_AGGRESSIVE;
				CLANG_CXX_LANGUAGE_STANDARD = "gnu++0x";
				CLANG_CXX_LIBRARY = "libc++";
				CLANG_ENABLE_MODULES = YES;
				CLANG_ENABLE_OBJC_ARC = YES;
				CLANG_WARN_BOOL_CONVERSION = YES;
				CLANG_WARN_CONSTANT_CONVERSION = YES;
				CLANG_WARN_DIRECT_OBJC_ISA_USAGE = YES_ERROR;
				CLANG_WARN_DOCUMENTATION_COMMENTS = YES;
				CLANG_WARN_EMPTY_BODY = YES;
				CLANG_WARN_ENUM_CONVERSION = YES;
				CLANG_WARN_INFINITE_RECURSION = YES;
				CLANG_WARN_INT_CONVERSION = YES;
				CLANG_WARN_OBJC_ROOT_CLASS = YES_ERROR;
				CLANG_WARN_SUSPICIOUS_MOVE = YES;
				CLANG_WARN_UNREACHABLE_CODE = YES;
				CLANG_WARN__DUPLICATE_METHOD_MATCH = YES;
				CODE_SIGN_IDENTITY = "-";
				COPY_PHASE_STRIP = NO;
				DEBUG_INFORMATION_FORMAT = "dwarf-with-dsym";
				ENABLE_NS_ASSERTIONS = NO;
				ENABLE_STRICT_OBJC_MSGSEND = YES;
				GCC_C_LANGUAGE_STANDARD = gnu99;
				GCC_NO_COMMON_BLOCKS = YES;
				GCC_WARN_64_TO_32_BIT_CONVERSION = YES;
				GCC_WARN_ABOUT_RETURN_TYPE = YES_ERROR;
				GCC_WARN_UNDECLARED_SELECTOR = YES;
				GCC_WARN_UNINITIALIZED_AUTOS = YES_AGGRESSIVE;
				GCC_WARN_UNUSED_FUNCTION = YES;
				GCC_WARN_UNUSED_VARIABLE = YES;
				MACOSX_DEPLOYMENT_TARGET = 10.12;
				MTL_ENABLE_DEBUG_INFO = NO;
				SDKROOT = macosx;
			};
			name = Release;
		};
		3B2A7F621F5FDCB800D0A03E /* Debug */ = {
			isa = XCBuildConfiguration;
			buildSettings = {
				DEVELOPMENT_TEAM = V7H8K47FXT;
				PRODUCT_NAME = "$(TARGET_NAME)";
				SWIFT_VERSION = 3.0;
			};
			name = Debug;
		};
		3B2A7F631F5FDCB800D0A03E /* Release */ = {
			isa = XCBuildConfiguration;
			buildSettings = {
				DEVELOPMENT_TEAM = V7H8K47FXT;
				PRODUCT_NAME = "$(TARGET_NAME)";
				SWIFT_VERSION = 3.0;
			};
			name = Release;
		};
/* End XCBuildConfiguration section */

/* Begin XCConfigurationList section */
		3B2A7F551F5FDCB800D0A03E /* Build configuration list for PBXProject "Myswift05" */ = {
			isa = XCConfigurationList;
			buildConfigurations = (
				3B2A7F5F1F5FDCB800D0A03E /* Debug */,
				3B2A7F601F5FDCB800D0A03E /* Release */,
			);
			defaultConfigurationIsVisible = 0;
			defaultConfigurationName = Release;
		};
		3B2A7F611F5FDCB800D0A03E /* Build configuration list for PBXNativeTarget "Myswift05" */ = {
			isa = XCConfigurationList;
			buildConfigurations = (
				3B2A7F621F5FDCB800D0A03E /* Debug */,
				3B2A7F631F5FDCB800D0A03E /* Release */,
			);
			defaultConfigurationIsVisible = 0;
			defaultConfigurationName = Release;
		};
/* End XCConfigurationList section */
	};
	rootObject = 3B2A7F521F5FDCB800D0A03E /* Project object */;
}
